{
  "name": "@lukuid/core",
  "version": "1.0.17",
  "lockfileVersion": 3,
  "requires": true,
  "packages": {
    "": {
      "name": "@lukuid/core",
      "version": "1.0.17",
      "license": "Apache-2.0",
      "dependencies": {
        "@noble/post-quantum": "^0.6.1",
        "fflate": "^0.8.2",
        "node-forge": "^1.3.1",
        "pdf-lib": "^1.17.1"
      },
      "devDependencies": {
        "protobufjs": "^7.3.0",
        "protobufjs-cli": "^1.1.3",
        "tsup": "^8.5.1",
        "tsx": "^4.19.2",
        "typescript": "^5.9.3"
      },
      "engines": {
        "node": ">=24"
      }
    },
    "../../../../apps/node_modules/.pnpm/@noble+post-quantum@0.6.1/node_modules/@noble/post-quantum": {
      "version": "0.6.1",
      "license": "MIT",
      "dependencies": {
        "@noble/ciphers": "~2.2.0",
        "@noble/curves": "~2.2.0",
        "@noble/hashes": "~2.2.0"
      },
      "devDependencies": {
        "@paulmillr/jsbt": "0.5.0",
        "@types/node": "25.3.0",
        "fast-check": "4.2.0",
        "prettier": "3.6.2",
        "typescript": "6.0.2"
      },
      "engines": {
        "node": ">= 20.19.0"
      },
      "funding": {
        "url": "https://paulmillr.com/funding/"
      }
    },
    "../../../../apps/node_modules/.pnpm/fflate@0.8.2/node_modules/fflate": {
      "version": "0.8.2",
      "license": "MIT",
      "devDependencies": {
        "@parcel/service-worker": "^2.9.3",
        "@types/node": "^14.11.2",
        "@types/pako": "*",
        "@types/react": "^18.2.21",
        "@types/react-dom": "^18.2.7",
        "jszip": "^3.5.0",
        "pako": "*",
        "parcel": "^2.9.3",
        "preact": "^10.17.1",
        "react": "^18.2.0",
        "react-dom": "^18.2.0",
        "simple-git": "^3.19.1",
        "terser": "^5.3.8",
        "tiny-inflate": "*",
        "ts-node": "^10.9.1",
        "typedoc": "^0.25.0",
        "typedoc-plugin-markdown": "^3.16.0",
        "typescript": "^5.2.2",
        "uvu": "^0.3.3",
        "uzip": "*"
      }
    },
    "../../../../apps/node_modules/.pnpm/node-forge@1.4.0/node_modules/node-forge": {
      "version": "1.4.0",
      "license": "(BSD-3-Clause OR GPL-2.0)",
      "devDependencies": {
        "browserify": "^16.5.2",
        "commander": "^2.20.0",
        "cross-env": "^5.2.1",
        "eslint": "^7.27.0",
        "eslint-config-digitalbazaar": "^2.8.0",
        "express": "^4.16.2",
        "karma": "^4.4.1",
        "karma-browserify": "^7.0.0",
        "karma-chrome-launcher": "^3.1.0",
        "karma-edge-launcher": "^0.4.2",
        "karma-firefox-launcher": "^1.3.0",
        "karma-ie-launcher": "^1.0.0",
        "karma-mocha": "^1.3.0",
        "karma-mocha-reporter": "^2.2.5",
        "karma-safari-launcher": "^1.0.0",
        "karma-sauce-launcher": "^2.0.2",
        "karma-sourcemap-loader": "^0.3.8",
        "karma-tap-reporter": "0.0.6",
        "karma-webpack": "^4.0.2",
        "mocha": "^5.2.0",
        "mocha-lcov-reporter": "^1.2.0",
        "nodejs-websocket": "^1.7.1",
        "nyc": "^15.1.0",
        "opts": "^1.2.7",
        "webpack": "^4.44.1",
        "webpack-cli": "^3.3.12",
        "worker-loader": "^2.0.0"
      },
      "engines": {
        "node": ">= 6.13.0"
      }
    },
    "../../../../apps/node_modules/.pnpm/protobufjs-cli@1.2.0_protobufjs@7.5.4/node_modules/protobufjs-cli": {
      "version": "1.2.0",
      "dev": true,
      "license": "BSD-3-Clause",
      "dependencies": {
        "chalk": "^4.0.0",
        "escodegen": "^1.13.0",
        "espree": "^9.0.0",
        "estraverse": "^5.1.0",
        "glob": "^8.0.0",
        "jsdoc": "^4.0.0",
        "minimist": "^1.2.0",
        "semver": "^7.1.2",
        "tmp": "^0.2.1",
        "uglify-js": "^3.7.7"
      },
      "bin": {
        "pbjs": "bin/pbjs",
        "pbts": "bin/pbts"
      },
      "devDependencies": {
        "protobufjs": "file:.."
      },
      "engines": {
        "node": ">=12.0.0"
      },
      "peerDependencies": {
        "protobufjs": "^7.0.0"
      }
    },
    "../../../../apps/node_modules/.pnpm/protobufjs@7.5.4/node_modules/protobufjs": {
      "version": "7.5.4",
      "dev": true,
      "hasInstallScript": true,
      "license": "BSD-3-Clause",
      "dependencies": {
        "@protobufjs/aspromise": "^1.1.2",
        "@protobufjs/base64": "^1.1.2",
        "@protobufjs/codegen": "^2.0.4",
        "@protobufjs/eventemitter": "^1.1.0",
        "@protobufjs/fetch": "^1.1.0",
        "@protobufjs/float": "^1.0.2",
        "@protobufjs/inquire": "^1.1.0",
        "@protobufjs/path": "^1.1.2",
        "@protobufjs/pool": "^1.1.0",
        "@protobufjs/utf8": "^1.1.0",
        "@types/node": ">=13.7.0",
        "long": "^5.0.0"
      },
      "devDependencies": {
        "benchmark": "^2.1.4",
        "browserify": "^17.0.0",
        "browserify-wrap": "^1.0.2",
        "bundle-collapser": "^1.3.0",
        "chalk": "^4.0.0",
        "escodegen": "^1.13.0",
        "eslint": "^8.15.0",
        "espree": "^9.0.0",
        "estraverse": "^5.1.0",
        "gh-pages": "^4.0.0",
        "git-raw-commits": "^2.0.3",
        "git-semver-tags": "^4.0.0",
        "google-protobuf": "^3.11.3",
        "gulp": "^4.0.2",
        "gulp-header": "^2.0.9",
        "gulp-if": "^3.0.0",
        "gulp-sourcemaps": "^3.0.0",
        "gulp-uglify": "^3.0.2",
        "jaguarjs-jsdoc": "github:dcodeIO/jaguarjs-jsdoc",
        "jsdoc": "^4.0.0",
        "minimist": "^1.2.0",
        "nyc": "^15.0.0",
        "reflect-metadata": "^0.1.13",
        "tape": "^5.0.0",
        "tslint": "^6.0.0",
        "typescript": "^3.7.5",
        "uglify-js": "^3.7.7",
        "vinyl-buffer": "^1.0.1",
        "vinyl-fs": "^3.0.3",
        "vinyl-source-stream": "^2.0.0"
      },
      "engines": {
        "node": ">=12.0.0"
      }
    },
    "../../../../apps/node_modules/.pnpm/tsup@8.5.1_postcss@8.5.9_tsx@4.21.0_typescript@5.9.3/node_modules/tsup": {
      "version": "8.5.1",
      "dev": true,
      "license": "MIT",
      "dependencies": {
        "bundle-require": "^5.1.0",
        "cac": "^6.7.14",
        "chokidar": "^4.0.3",
        "consola": "^3.4.0",
        "debug": "^4.4.0",
        "esbuild": "^0.27.0",
        "fix-dts-default-cjs-exports": "^1.0.0",
        "joycon": "^3.1.1",
        "picocolors": "^1.1.1",
        "postcss-load-config": "^6.0.1",
        "resolve-from": "^5.0.0",
        "rollup": "^4.34.8",
        "source-map": "^0.7.6",
        "sucrase": "^3.35.0",
        "tinyexec": "^0.3.2",
        "tinyglobby": "^0.2.11",
        "tree-kill": "^1.2.2"
      },
      "bin": {
        "tsup": "dist/cli-default.js",
        "tsup-node": "dist/cli-node.js"
      },
      "devDependencies": {
        "@microsoft/api-extractor": "^7.50.0",
        "@rollup/plugin-json": "6.1.0",
        "@swc/core": "1.10.18",
        "@types/debug": "4.1.12",
        "@types/node": "22.13.4",
        "@types/resolve": "1.20.6",
        "bumpp": "^10.0.3",
        "flat": "6.0.1",
        "postcss": "8.5.2",
        "postcss-simple-vars": "7.0.1",
        "prettier": "3.5.1",
        "resolve": "1.22.10",
        "rollup-plugin-dts": "6.1.1",
        "sass": "1.85.0",
        "strip-json-comments": "5.0.1",
        "svelte": "5.19.9",
        "svelte-preprocess": "6.0.3",
        "terser": "^5.39.0",
        "ts-essentials": "10.0.4",
        "tsup": "8.3.6",
        "typescript": "5.7.3",
        "vitest": "3.0.6",
        "wait-for-expect": "3.0.2"
      },
      "engines": {
        "node": ">=18"
      },
      "peerDependencies": {
        "@microsoft/api-extractor": "^7.36.0",
        "@swc/core": "^1",
        "postcss": "^8.4.12",
        "typescript": ">=4.5.0"
      },
      "peerDependenciesMeta": {
        "@microsoft/api-extractor": {
          "optional": true
        },
        "@swc/core": {
          "optional": true
        },
        "postcss": {
          "optional": true
        },
        "typescript": {
          "optional": true
        }
      }
    },
    "../../../../apps/node_modules/.pnpm/tsx@4.21.0/node_modules/tsx": {
      "version": "4.21.0",
      "dev": true,
      "license": "MIT",
      "dependencies": {
        "esbuild": "~0.27.0",
        "get-tsconfig": "^4.7.5"
      },
      "bin": {
        "tsx": "dist/cli.mjs"
      },
      "engines": {
        "node": ">=18.0.0"
      },
      "optionalDependencies": {
        "fsevents": "~2.3.3"
      }
    },
    "../../../../apps/node_modules/.pnpm/typescript@5.9.3/node_modules/typescript": {
      "version": "5.9.3",
      "dev": true,
      "license": "Apache-2.0",
      "bin": {
        "tsc": "bin/tsc",
        "tsserver": "bin/tsserver"
      },
      "devDependencies": {
        "@dprint/formatter": "^0.4.1",
        "@dprint/typescript": "0.93.4",
        "@esfx/canceltoken": "^1.0.0",
        "@eslint/js": "^9.20.0",
        "@octokit/rest": "^21.1.1",
        "@types/chai": "^4.3.20",
        "@types/diff": "^7.0.1",
        "@types/minimist": "^1.2.5",
        "@types/mocha": "^10.0.10",
        "@types/ms": "^0.7.34",
        "@types/node": "latest",
        "@types/source-map-support": "^0.5.10",
        "@types/which": "^3.0.4",
        "@typescript-eslint/rule-tester": "^8.24.1",
        "@typescript-eslint/type-utils": "^8.24.1",
        "@typescript-eslint/utils": "^8.24.1",
        "azure-devops-node-api": "^14.1.0",
        "c8": "^10.1.3",
        "chai": "^4.5.0",
        "chokidar": "^4.0.3",
        "diff": "^7.0.0",
        "dprint": "^0.49.0",
        "esbuild": "^0.25.0",
        "eslint": "^9.20.1",
        "eslint-formatter-autolinkable-stylish": "^1.4.0",
        "eslint-plugin-regexp": "^2.7.0",
        "fast-xml-parser": "^4.5.2",
        "glob": "^10.4.5",
        "globals": "^15.15.0",
        "hereby": "^1.10.0",
        "jsonc-parser": "^3.3.1",
        "knip": "^5.44.4",
        "minimist": "^1.2.8",
        "mocha": "^10.8.2",
        "mocha-fivemat-progress-reporter": "^0.1.0",
        "monocart-coverage-reports": "^2.12.1",
        "ms": "^2.1.3",
        "picocolors": "^1.1.1",
        "playwright": "^1.50.1",
        "source-map-support": "^0.5.21",
        "tslib": "^2.8.1",
        "typescript": "^5.7.3",
        "typescript-eslint": "^8.24.1",
        "which": "^3.0.1"
      },
      "engines": {
        "node": ">=14.17"
      }
    },
    "node_modules/@noble/post-quantum": {
      "resolved": "../../../../apps/node_modules/.pnpm/@noble+post-quantum@0.6.1/node_modules/@noble/post-quantum",
      "link": true
    },
    "node_modules/@pdf-lib/standard-fonts": {
      "version": "1.0.0",
      "resolved": "https://registry.npmjs.org/@pdf-lib/standard-fonts/-/standard-fonts-1.0.0.tgz",
      "integrity": "sha512-hU30BK9IUN/su0Mn9VdlVKsWBS6GyhVfqjwl1FjZN4TxP6cCw0jP2w7V3Hf5uX7M0AZJ16vey9yE0ny7Sa59ZA==",
      "license": "MIT",
      "dependencies": {
        "pako": "^1.0.6"
      }
    },
    "node_modules/@pdf-lib/upng": {
      "version": "1.0.1",
      "resolved": "https://registry.npmjs.org/@pdf-lib/upng/-/upng-1.0.1.tgz",
      "integrity": "sha512-dQK2FUMQtowVP00mtIksrlZhdFXQZPC+taih1q4CvPZ5vqdxR/LKBaFg0oAfzd1GlHZXXSPdQfzQnt+ViGvEIQ==",
      "license": "MIT",
      "dependencies": {
        "pako": "^1.0.10"
      }
    },
    "node_modules/fflate": {
      "resolved": "../../../../apps/node_modules/.pnpm/fflate@0.8.2/node_modules/fflate",
      "link": true
    },
    "node_modules/node-forge": {
      "resolved": "../../../../apps/node_modules/.pnpm/node-forge@1.4.0/node_modules/node-forge",
      "link": true
    },
    "node_modules/pako": {
      "version": "1.0.11",
      "resolved": "https://registry.npmjs.org/pako/-/pako-1.0.11.tgz",
      "integrity": "sha512-4hLB8Py4zZce5s4yd9XzopqwVv/yGNhV1Bl8NTmCq1763HeK2+EwVTv+leGeL13Dnh2wfbqowVPXCIO0z4taYw==",
      "license": "(MIT AND Zlib)"
    },
    "node_modules/pdf-lib": {
      "version": "1.17.1",
      "resolved": "https://registry.npmjs.org/pdf-lib/-/pdf-lib-1.17.1.tgz",
      "integrity": "sha512-V/mpyJAoTsN4cnP31vc0wfNA1+p20evqqnap0KLoRUN0Yk/p3wN52DOEsL4oBFcLdb76hlpKPtzJIgo67j/XLw==",
      "license": "MIT",
      "dependencies": {
        "@pdf-lib/standard-fonts": "^1.0.0",
        "@pdf-lib/upng": "^1.0.1",
        "pako": "^1.0.11",
        "tslib": "^1.11.1"
      }
    },
    "node_modules/protobufjs": {
      "resolved": "../../../../apps/node_modules/.pnpm/protobufjs@7.5.4/node_modules/protobufjs",
      "link": true
    },
    "node_modules/protobufjs-cli": {
      "resolved": "../../../../apps/node_modules/.pnpm/protobufjs-cli@1.2.0_protobufjs@7.5.4/node_modules/protobufjs-cli",
      "link": true
    },
    "node_modules/tslib": {
      "version": "1.14.1",
      "resolved": "https://registry.npmjs.org/tslib/-/tslib-1.14.1.tgz",
      "integrity": "sha512-Xni35NKzjgMrwevysHTCArtLDpPvye8zV/0E4EyYn43P7/7qvQwPh9BGkHewbMulVntbigmcT7rdX3BNo9wRJg==",
      "license": "0BSD"
    },
    "node_modules/tsup": {
      "resolved": "../../../../apps/node_modules/.pnpm/tsup@8.5.1_postcss@8.5.9_tsx@4.21.0_typescript@5.9.3/node_modules/tsup",
      "link": true
    },
    "node_modules/tsx": {
      "resolved": "../../../../apps/node_modules/.pnpm/tsx@4.21.0/node_modules/tsx",
      "link": true
    },
    "node_modules/typescript": {
      "resolved": "../../../../apps/node_modules/.pnpm/typescript@5.9.3/node_modules/typescript",
      "link": true
    }
  }
}
